
Microsoft Visual Studio Solution File, Format Version 12.00
Project("{FAE04EC0-301F-11D3-BF4B-00C04F79EFBC}") = "DotNetAtom.Web", "src\DotNetAtom.Web\DotNetAtom.Web.csproj", "{6452B0AC-A813-45A5-9972-605F844311A0}"
EndProject
Project("{FAE04EC0-301F-11D3-BF4B-00C04F79EFBC}") = "DotNetAtom.Core", "src\DotNetAtom.Core\DotNetAtom.Core.csproj", "{20EBD9F8-7CE4-4014-92C4-DFC7BAA68CA1}"
EndProject
Project("{FAE04EC0-301F-11D3-BF4B-00C04F79EFBC}") = "DotNetAtom.Abstractions", "src\DotNetAtom.Abstractions\DotNetAtom.Abstractions.csproj", "{F0EAAB97-9AA4-4A6F-9EB5-F21661431D1E}"
EndProject
Project("{FAE04EC0-301F-11D3-BF4B-00C04F79EFBC}") = "DotNetAtom.Repositories.EntityFrameworkCore", "src\DotNetAtom.Repositories.EntityFrameworkCore\DotNetAtom.Repositories.EntityFrameworkCore.csproj", "{3B7E372D-2CFC-40D4-AEC0-2770B03106E4}"
EndProject
Project("{2150E333-8FDC-42A3-9474-1A3956D46DE8}") = "Infrastructure", "Infrastructure", "{4DB8CE2D-949D-407E-80B5-2D9A167FA3DB}"
EndProject
Project("{2150E333-8FDC-42A3-9474-1A3956D46DE8}") = "Abstractions", "Abstractions", "{053DF5EF-7B6F-4F51-8086-1D43F2B73334}"
EndProject
Project("{FAE04EC0-301F-11D3-BF4B-00C04F79EFBC}") = "DotNetAtom.Platform", "src\DotNetAtom.Platform\DotNetAtom.Platform.csproj", "{067A8E17-7E57-4523-ADF7-CF31AE7F0DB6}"
EndProject
Project("{FAE04EC0-301F-11D3-BF4B-00C04F79EFBC}") = "DotNetAtom.Repositories.DotNetNuke", "src\DotNetAtom.Repositories.DotNetNuke\DotNetAtom.Repositories.DotNetNuke.csproj", "{E5B99ACF-89DA-4429-8B3E-6F6C10E6BCFA}"
EndProject
Project("{2150E333-8FDC-42A3-9474-1A3956D46DE8}") = "Repositories", "Repositories", "{2BE1078D-00AA-43AE-8D24-2324F514E5ED}"
EndProject
Project("{2150E333-8FDC-42A3-9474-1A3956D46DE8}") = "Extensions", "Extensions", "{FA9F088A-35B1-41FC-B514-380DAA5A0629}"
EndProject
Project("{FAE04EC0-301F-11D3-BF4B-00C04F79EFBC}") = "DotNetAtom.Extensions.DDRMenu", "src\DotNetAtom.Extensions.DDRMenu\DotNetAtom.Extensions.DDRMenu.csproj", "{9D51462A-01CC-4511-823C-CF0CA8800EFD}"
EndProject
Project("{2150E333-8FDC-42A3-9474-1A3956D46DE8}") = "_Solution Items", "_Solution Items", "{B852694B-2A9B-4C0B-91CC-0F4C0A613B13}"
	ProjectSection(SolutionItems) = preProject
		Directory.Build.props = Directory.Build.props
	EndProjectSection
EndProject
Project("{FAE04EC0-301F-11D3-BF4B-00C04F79EFBC}") = "DotNetAtom.Extensions.HTML", "src\DotNetAtom.Extensions.HTML\DotNetAtom.Extensions.HTML.csproj", "{DA519B58-D949-4B51-A31B-84305AC61EF3}"
EndProject
Project("{FAE04EC0-301F-11D3-BF4B-00C04F79EFBC}") = "DotNetAtom.Extensions.Login", "src\DotNetAtom.Extensions.Login\DotNetAtom.Extensions.Login.csproj", "{D869CCD2-661E-4285-A417-194E822D3BC0}"
EndProject
Project("{FAE04EC0-301F-11D3-BF4B-00C04F79EFBC}") = "DotNetAtom.Extensions.ModuleMessage", "src\DotNetAtom.Extensions.ModuleMessage\DotNetAtom.Extensions.ModuleMessage.csproj", "{972E36B0-0A88-4358-9128-C017F07EE065}"
EndProject
Project("{2150E333-8FDC-42A3-9474-1A3956D46DE8}") = "Password Hashers", "Password Hashers", "{E0A0D535-38A9-4550-940A-F30A144CE1BB}"
EndProject
Project("{FAE04EC0-301F-11D3-BF4B-00C04F79EFBC}") = "DotNetAtom.PasswordHasher.AspNet", "src\DotNetAtom.PasswordHasher.AspNet\DotNetAtom.PasswordHasher.AspNet.csproj", "{AD59A181-6605-4A5A-8BD4-B07C448768F0}"
EndProject
Project("{FAE04EC0-301F-11D3-BF4B-00C04F79EFBC}") = "DotNetAtom.Web.Abstractions", "src\DotNetAtom.Web.Abstractions\DotNetAtom.Web.Abstractions.csproj", "{126DFBA0-94A7-4DC4-B3BA-D41079789DBE}"
EndProject
Project("{FAE04EC0-301F-11D3-BF4B-00C04F79EFBC}") = "DotNetAtom.Extensions.StyleHelper", "src\DotNetAtom.Extensions.StyleHelper\DotNetAtom.Extensions.StyleHelper.csproj", "{092DAE7B-3C4D-47BD-9BF4-A7B38C0F0503}"
EndProject
Global
	GlobalSection(SolutionConfigurationPlatforms) = preSolution
		Debug|Any CPU = Debug|Any CPU
		Release|Any CPU = Release|Any CPU
	EndGlobalSection
	GlobalSection(ProjectConfigurationPlatforms) = postSolution
		{6452B0AC-A813-45A5-9972-605F844311A0}.Debug|Any CPU.ActiveCfg = Debug|Any CPU
		{6452B0AC-A813-45A5-9972-605F844311A0}.Debug|Any CPU.Build.0 = Debug|Any CPU
		{6452B0AC-A813-45A5-9972-605F844311A0}.Release|Any CPU.ActiveCfg = Release|Any CPU
		{6452B0AC-A813-45A5-9972-605F844311A0}.Release|Any CPU.Build.0 = Release|Any CPU
		{20EBD9F8-7CE4-4014-92C4-DFC7BAA68CA1}.Debug|Any CPU.ActiveCfg = Debug|Any CPU
		{20EBD9F8-7CE4-4014-92C4-DFC7BAA68CA1}.Debug|Any CPU.Build.0 = Debug|Any CPU
		{20EBD9F8-7CE4-4014-92C4-DFC7BAA68CA1}.Release|Any CPU.ActiveCfg = Release|Any CPU
		{20EBD9F8-7CE4-4014-92C4-DFC7BAA68CA1}.Release|Any CPU.Build.0 = Release|Any CPU
		{F0EAAB97-9AA4-4A6F-9EB5-F21661431D1E}.Debug|Any CPU.ActiveCfg = Debug|Any CPU
		{F0EAAB97-9AA4-4A6F-9EB5-F21661431D1E}.Debug|Any CPU.Build.0 = Debug|Any CPU
		{F0EAAB97-9AA4-4A6F-9EB5-F21661431D1E}.Release|Any CPU.ActiveCfg = Release|Any CPU
		{F0EAAB97-9AA4-4A6F-9EB5-F21661431D1E}.Release|Any CPU.Build.0 = Release|Any CPU
		{3B7E372D-2CFC-40D4-AEC0-2770B03106E4}.Debug|Any CPU.ActiveCfg = Debug|Any CPU
		{3B7E372D-2CFC-40D4-AEC0-2770B03106E4}.Debug|Any CPU.Build.0 = Debug|Any CPU
		{3B7E372D-2CFC-40D4-AEC0-2770B03106E4}.Release|Any CPU.ActiveCfg = Release|Any CPU
		{3B7E372D-2CFC-40D4-AEC0-2770B03106E4}.Release|Any CPU.Build.0 = Release|Any CPU
		{067A8E17-7E57-4523-ADF7-CF31AE7F0DB6}.Debug|Any CPU.ActiveCfg = Debug|Any CPU
		{067A8E17-7E57-4523-ADF7-CF31AE7F0DB6}.Debug|Any CPU.Build.0 = Debug|Any CPU
		{067A8E17-7E57-4523-ADF7-CF31AE7F0DB6}.Release|Any CPU.ActiveCfg = Release|Any CPU
		{067A8E17-7E57-4523-ADF7-CF31AE7F0DB6}.Release|Any CPU.Build.0 = Release|Any CPU
		{E5B99ACF-89DA-4429-8B3E-6F6C10E6BCFA}.Debug|Any CPU.ActiveCfg = Debug|Any CPU
		{E5B99ACF-89DA-4429-8B3E-6F6C10E6BCFA}.Debug|Any CPU.Build.0 = Debug|Any CPU
		{E5B99ACF-89DA-4429-8B3E-6F6C10E6BCFA}.Release|Any CPU.ActiveCfg = Release|Any CPU
		{E5B99ACF-89DA-4429-8B3E-6F6C10E6BCFA}.Release|Any CPU.Build.0 = Release|Any CPU
		{9D51462A-01CC-4511-823C-CF0CA8800EFD}.Debug|Any CPU.ActiveCfg = Debug|Any CPU
		{9D51462A-01CC-4511-823C-CF0CA8800EFD}.Debug|Any CPU.Build.0 = Debug|Any CPU
		{9D51462A-01CC-4511-823C-CF0CA8800EFD}.Release|Any CPU.ActiveCfg = Release|Any CPU
		{9D51462A-01CC-4511-823C-CF0CA8800EFD}.Release|Any CPU.Build.0 = Release|Any CPU
		{DA519B58-D949-4B51-A31B-84305AC61EF3}.Debug|Any CPU.ActiveCfg = Debug|Any CPU
		{DA519B58-D949-4B51-A31B-84305AC61EF3}.Debug|Any CPU.Build.0 = Debug|Any CPU
		{DA519B58-D949-4B51-A31B-84305AC61EF3}.Release|Any CPU.ActiveCfg = Release|Any CPU
		{DA519B58-D949-4B51-A31B-84305AC61EF3}.Release|Any CPU.Build.0 = Release|Any CPU
		{D869CCD2-661E-4285-A417-194E822D3BC0}.Debug|Any CPU.ActiveCfg = Debug|Any CPU
		{D869CCD2-661E-4285-A417-194E822D3BC0}.Debug|Any CPU.Build.0 = Debug|Any CPU
		{D869CCD2-661E-4285-A417-194E822D3BC0}.Release|Any CPU.ActiveCfg = Release|Any CPU
		{D869CCD2-661E-4285-A417-194E822D3BC0}.Release|Any CPU.Build.0 = Release|Any CPU
		{972E36B0-0A88-4358-9128-C017F07EE065}.Debug|Any CPU.ActiveCfg = Debug|Any CPU
		{972E36B0-0A88-4358-9128-C017F07EE065}.Debug|Any CPU.Build.0 = Debug|Any CPU
		{972E36B0-0A88-4358-9128-C017F07EE065}.Release|Any CPU.ActiveCfg = Release|Any CPU
		{972E36B0-0A88-4358-9128-C017F07EE065}.Release|Any CPU.Build.0 = Release|Any CPU
		{AD59A181-6605-4A5A-8BD4-B07C448768F0}.Debug|Any CPU.ActiveCfg = Debug|Any CPU
		{AD59A181-6605-4A5A-8BD4-B07C448768F0}.Debug|Any CPU.Build.0 = Debug|Any CPU
		{AD59A181-6605-4A5A-8BD4-B07C448768F0}.Release|Any CPU.ActiveCfg = Release|Any CPU
		{AD59A181-6605-4A5A-8BD4-B07C448768F0}.Release|Any CPU.Build.0 = Release|Any CPU
		{126DFBA0-94A7-4DC4-B3BA-D41079789DBE}.Debug|Any CPU.ActiveCfg = Debug|Any CPU
		{126DFBA0-94A7-4DC4-B3BA-D41079789DBE}.Debug|Any CPU.Build.0 = Debug|Any CPU
		{126DFBA0-94A7-4DC4-B3BA-D41079789DBE}.Release|Any CPU.ActiveCfg = Release|Any CPU
		{126DFBA0-94A7-4DC4-B3BA-D41079789DBE}.Release|Any CPU.Build.0 = Release|Any CPU
		{092DAE7B-3C4D-47BD-9BF4-A7B38C0F0503}.Debug|Any CPU.ActiveCfg = Debug|Any CPU
		{092DAE7B-3C4D-47BD-9BF4-A7B38C0F0503}.Debug|Any CPU.Build.0 = Debug|Any CPU
		{092DAE7B-3C4D-47BD-9BF4-A7B38C0F0503}.Release|Any CPU.ActiveCfg = Release|Any CPU
		{092DAE7B-3C4D-47BD-9BF4-A7B38C0F0503}.Release|Any CPU.Build.0 = Release|Any CPU
	EndGlobalSection
	GlobalSection(NestedProjects) = preSolution
		{F0EAAB97-9AA4-4A6F-9EB5-F21661431D1E} = {053DF5EF-7B6F-4F51-8086-1D43F2B73334}
		{2BE1078D-00AA-43AE-8D24-2324F514E5ED} = {4DB8CE2D-949D-407E-80B5-2D9A167FA3DB}
		{E5B99ACF-89DA-4429-8B3E-6F6C10E6BCFA} = {2BE1078D-00AA-43AE-8D24-2324F514E5ED}
		{3B7E372D-2CFC-40D4-AEC0-2770B03106E4} = {2BE1078D-00AA-43AE-8D24-2324F514E5ED}
		{9D51462A-01CC-4511-823C-CF0CA8800EFD} = {FA9F088A-35B1-41FC-B514-380DAA5A0629}
		{DA519B58-D949-4B51-A31B-84305AC61EF3} = {FA9F088A-35B1-41FC-B514-380DAA5A0629}
		{D869CCD2-661E-4285-A417-194E822D3BC0} = {FA9F088A-35B1-41FC-B514-380DAA5A0629}
		{972E36B0-0A88-4358-9128-C017F07EE065} = {FA9F088A-35B1-41FC-B514-380DAA5A0629}
		{E0A0D535-38A9-4550-940A-F30A144CE1BB} = {4DB8CE2D-949D-407E-80B5-2D9A167FA3DB}
		{AD59A181-6605-4A5A-8BD4-B07C448768F0} = {E0A0D535-38A9-4550-940A-F30A144CE1BB}
		{126DFBA0-94A7-4DC4-B3BA-D41079789DBE} = {053DF5EF-7B6F-4F51-8086-1D43F2B73334}
		{092DAE7B-3C4D-47BD-9BF4-A7B38C0F0503} = {FA9F088A-35B1-41FC-B514-380DAA5A0629}
	EndGlobalSection
EndGlobal
